{
  "lockfile_version": "1",
  "packages": {
    "github:NixOS/nixpkgs/nixpkgs-unstable": {
      "last_modified": "2025-12-17T01:17:14Z",
      "resolved": "github:NixOS/nixpkgs/af84f9d270d404c17699522fab95bbf928a2d92f?lastModified=1765934234&narHash=sha256-pJjWUzNnjbIAMIc5gRFUuKCDQ9S1cuh3b2hKgA7Mc4A%3D"
    },
    "go@latest": {
      "last_modified": "2025-11-23T21:50:36Z",
      "resolved": "github:NixOS/nixpkgs/ee09932cedcef15aaf476f9343d1dea2cb77e261#go",
      "source": "devbox-search",
      "version": "1.25.4",
      "systems": {
        "aarch64-darwin": {
          "outputs": [
            {
              "name": "out",
              "path": "/nix/store/52f5kjcmgmvgrz3rij676b3rjmgg5l5g-go-1.25.4",
              "default": true
            }
          ],
          "store_path": "/nix/store/52f5kjcmgmvgrz3rij676b3rjmgg5l5g-go-1.25.4"
        },
        "aarch64-linux": {
          "outputs": [
            {
              "name": "out",
              "path": "/nix/store/2ajrlmz1qdpm9k9ankhnp3973wxg1gqs-go-1.25.4",
              "default": true
            }
          ],
          "store_path": "/nix/store/2ajrlmz1qdpm9k9ankhnp3973wxg1gqs-go-1.25.4"
        },
        "x86_64-darwin": {
          "outputs": [
            {
              "name": "out",
              "path": "/nix/store/1rqpvp45rl4sr1l0czrlbmv8jqj9sa7r-go-1.25.4",
              "default": true
            }
          ],
          "store_path": "/nix/store/1rqpvp45rl4sr1l0czrlbmv8jqj9sa7r-go-1.25.4"
        },
        "x86_64-linux": {
          "outputs": [
            {
              "name": "out",
              "path": "/nix/store/0a3dyfq09dnkw28ap2i450wjimvdmv6s-go-1.25.4",
              "default": true
            }
          ],
          "store_path": "/nix/store/0a3dyfq09dnkw28ap2i450wjimvdmv6s-go-1.25.4"
        }
      }
    },
    "golangci-lint@latest": {
      "last_modified": "2025-12-09T08:49:39Z",
      "resolved": "github:NixOS/nixpkgs/677fbe97984e7af3175b6c121f3c39ee5c8d62c9#golangci-lint",
      "source": "devbox-search",
      "version": "2.7.2",
      "systems": {
        "aarch64-darwin": {
          "outputs": [
            {
              "name": "out",
              "path": "/nix/store/q3a6xszcxa3rcaq2xa5hli5ynsw9p2xj-golangci-lint-2.7.2",
              "default": true
            }
          ],
          "store_path": "/nix/store/q3a6xszcxa3rcaq2xa5hli5ynsw9p2xj-golangci-lint-2.7.2"
        },
        "aarch64-linux": {
          "outputs": [
            {
              "name": "out",
              "path": "/nix/store/26ckbfx1m91f1ix7x1v8zckvnccvf03g-golangci-lint-2.7.2",
              "default": true
            }
          ],
          "store_path": "/nix/store/26ckbfx1m91f1ix7x1v8zckvnccvf03g-golangci-lint-2.7.2"
        },
        "x86_64-darwin": {
          "outputs": [
            {
              "name": "out",
              "path": "/nix/store/4ngz15pamb1mvbgk8vqsdc7am0sm3nfl-golangci-lint-2.7.2",
              "default": true
            }
          ],
          "store_path": "/nix/store/4ngz15pamb1mvbgk8vqsdc7am0sm3nfl-golangci-lint-2.7.2"
        },
        "x86_64-linux": {
          "outputs": [
            {
              "name": "out",
              "path": "/nix/store/20pjxaqyh10abjhc0by39q7rv3frmx1j-golangci-lint-2.7.2",
              "default": true
            }
          ],
          "store_path": "/nix/store/20pjxaqyh10abjhc0by39q7rv3frmx1j-golangci-lint-2.7.2"
        }
      }
    },
    "goreleaser@latest": {
      "last_modified": "2025-12-01T02:47:39Z",
      "resolved": "github:NixOS/nixpkgs/0d70460758949966e91d9ecb823b821f963cefbb#goreleaser",
      "source": "devbox-search",
      "version": "2.13.0",
      "systems": {
        "aarch64-darwin": {
          "outputs": [
            {
              "name": "out",
              "path": "/nix/store/qb8wnpyspm683qway34y29n0zvad4q55-goreleaser-2.13.0",
              "default": true
            }
          ],
          "store_path": "/nix/store/qb8wnpyspm683qway34y29n0zvad4q55-goreleaser-2.13.0"
        },
        "aarch64-linux": {
          "outputs": [
            {
              "name": "out",
              "path": "/nix/store/0sgsy09mlwgsd3yr479lcv5mxp8k22pj-goreleaser-2.13.0",
              "default": true
            }
          ],
          "store_path": "/nix/store/0sgsy09mlwgsd3yr479lcv5mxp8k22pj-goreleaser-2.13.0"
        },
        "x86_64-darwin": {
          "outputs": [
            {
              "name": "out",
              "path": "/nix/store/zksrax3g8qaaycl66kcbxjkcx2262i7j-goreleaser-2.13.0",
              "default": true
            }
          ],
          "store_path": "/nix/store/zksrax3g8qaaycl66kcbxjkcx2262i7j-goreleaser-2.13.0"
        },
        "x86_64-linux": {
          "outputs": [
            {
              "name": "out",
              "path": "/nix/store/s0j5i8m7xlnh403la8d60y19wm8csxq3-goreleaser-2.13.0",
              "default": true
            }
          ],
          "store_path": "/nix/store/s0j5i8m7xlnh403la8d60y19wm8csxq3-goreleaser-2.13.0"
        }
      }
    },
    "nodejs@22": {
      "last_modified": "2025-06-06T01:46:53Z",
      "plugin_version": "0.0.2",
      "resolved": "github:NixOS/nixpkgs/6ad174a6dc07c7742fc64005265addf87ad08615#nodejs_22",
      "source": "devbox-search",
      "version": "22.14.0",
      "systems": {
        "aarch64-darwin": {
          "outputs": [
            {
              "name": "out",
              "path": "/nix/store/g5bv4gi6p7ryhs2hbaryxs6ivsxa6lqc-nodejs-22.14.0",
              "default": true
            },
            {
              "name": "dev",
              "path": "/nix/store/96vpirdcns8zxdwzwl7n804012lwrf1n-nodejs-22.14.0-dev"
            },
            {
              "name": "libv8",
              "path": "/nix/store/xph2837xqjnra80mqlk64xp7vb3kkqxs-nodejs-22.14.0-libv8"
            }
          ],
          "store_path": "/nix/store/g5bv4gi6p7ryhs2hbaryxs6ivsxa6lqc-nodejs-22.14.0"
        },
        "aarch64-linux": {
          "outputs": [
            {
              "name": "out",
              "path": "/nix/store/cwb781xbp70f72njqh8vhvbsf1xq87i5-nodejs-22.14.0",
              "default": true
            },
            {
              "name": "dev",
              "path": "/nix/store/0w5mql46am2qai707a42q983l44l1h9z-nodejs-22.14.0-dev"
            },
            {
              "name": "libv8",
              "path": "/nix/store/vy56lahz381ayvw3hym3wj4r4ggv7gbk-nodejs-22.14.0-libv8"
            }
          ],
          "store_path": "/nix/store/cwb781xbp70f72njqh8vhvbsf1xq87i5-nodejs-22.14.0"
        },
        "x86_64-darwin": {
          "outputs": [
            {
              "name": "out",
              "path": "/nix/store/086zjv14ipka2vbpgwil3xyvi5ml4vh3-nodejs-22.14.0",
              "default": true
            },
            {
              "name": "dev",
              "path": "/nix/store/24n01nfvy908pwzwpgsl0k4227187i7i-nodejs-22.14.0-dev"
            },
            {
              "name": "libv8",
              "path": "/nix/store/jiwk0in1wk85crn9vp03gg937gbh1s0w-nodejs-22.14.0-libv8"
            }
          ],
          "store_path": "/nix/store/086zjv14ipka2vbpgwil3xyvi5ml4vh3-nodejs-22.14.0"
        },
        "x86_64-linux": {
          "outputs": [
            {
              "name": "out",
              "path": "/nix/store/c8jxsih8yy2rnncdmx2hyraizf689nvp-nodejs-22.14.0",
              "default": true
            },
            {
              "name": "libv8",
              "path": "/nix/store/s8gnrgh9hgnbkrc1wrn21d6zvkbvm9vi-nodejs-22.14.0-libv8"
            },
            {
              "name": "dev",
              "path": "/nix/store/xw8c1c0inxq3xl1d7axz19vq8c05kjk5-nodejs-22.14.0-dev"
            }
          ],
          "store_path": "/nix/store/c8jxsih8yy2rnncdmx2hyraizf689nvp-nodejs-22.14.0"
        }
      }
    },
    "uv@latest": {
      "last_modified": "2025-12-11T04:04:52Z",
      "resolved": "github:NixOS/nixpkgs/5d6bdbddb4695a62f0d00a3620b37a15275a5093#uv",
      "source": "devbox-search",
      "version": "0.9.17",
      "systems": {
        "aarch64-darwin": {
          "outputs": [
            {
              "name": "out",
              "path": "/nix/store/s76k2a0z3kjdpnzdd84mj80zxij0s0q5-uv-0.9.17",
              "default": true
            }
          ],
          "store_path": "/nix/store/s76k2a0z3kjdpnzdd84mj80zxij0s0q5-uv-0.9.17"
        },
        "aarch64-linux": {
          "outputs": [
            {
              "name": "out",
              "path": "/nix/store/83m98ym7hgd4h17l9gcj2j07jvkbvs4n-uv-0.9.17",
              "default": true
            }
          ],
          "store_path": "/nix/store/83m98ym7hgd4h17l9gcj2j07jvkbvs4n-uv-0.9.17"
        },
        "x86_64-darwin": {
          "outputs": [
            {
              "name": "out",
              "path": "/nix/store/89h92dwway6vvv4wl4r2vblrsiq3r33i-uv-0.9.17",
              "default": true
            }
          ],
          "store_path": "/nix/store/89h92dwway6vvv4wl4r2vblrsiq3r33i-uv-0.9.17"
        },
        "x86_64-linux": {
          "outputs": [
            {
              "name": "out",
              "path": "/nix/store/xy57b66dwdpc554zxh43ya7d980k5gsw-uv-0.9.17",
              "default": true
            }
          ],
          "store_path": "/nix/store/xy57b66dwdpc554zxh43ya7d980k5gsw-uv-0.9.17"
        }
      }
    }
  }
}
